// !$*UTF8*$!
{
	archiveVersion = 1;
	classes = {
	};
	objectVersion = 46;
	objects = {

/* Begin PBXBuildFile section */
		9A60F2A21DEE35AF00B2EA89 /* AppDelegate.swift in Sources */ = {isa = PBXBuildFile; fileRef = 9A60F2A11DEE35AF00B2EA89 /* AppDelegate.swift */; };
		9A60F2A41DEE35AF00B2EA89 /* ViewController.swift in Sources */ = {isa = PBXBuildFile; fileRef = 9A60F2A31DEE35AF00B2EA89 /* ViewController.swift */; };
		9A60F2A91DEE35AF00B2EA89 /* Assets.xcassets in Resources */ = {isa = PBXBuildFile; fileRef = 9A60F2A81DEE35AF00B2EA89 /* Assets.xcassets */; };
		9A60F2B91DEE366800B2EA89 /* LaunchScreen.storyboard in Resources */ = {isa = PBXBuildFile; fileRef = 9A60F2B81DEE366800B2EA89 /* LaunchScreen.storyboard */; };
		9A60F2BB1DEE368700B2EA89 /* Main.storyboard in Resources */ = {isa = PBXBuildFile; fileRef = 9A60F2BA1DEE368700B2EA89 /* Main.storyboard */; };
		9A60F2BD1DEE371F00B2EA89 /* Service.swift in Sources */ = {isa = PBXBuildFile; fileRef = 9A60F2BC1DEE371F00B2EA89 /* Service.swift */; };
		9A60F2BF1DEE372900B2EA89 /* Sequences.xcdatamodel in Sources */ = {isa = PBXBuildFile; fileRef = 9A60F2BE1DEE372900B2EA89 /* Sequences.xcdatamodel */; };
		9A60F2C41DEE373400B2EA89 /* ToneEntity+CoreDataProperties.swift in Sources */ = {isa = PBXBuildFile; fileRef = 9A60F2C01DEE373400B2EA89 /* ToneEntity+CoreDataProperties.swift */; };
		9A60F2C51DEE373400B2EA89 /* ToneEntity.swift in Sources */ = {isa = PBXBuildFile; fileRef = 9A60F2C11DEE373400B2EA89 /* ToneEntity.swift */; };
		9A60F2C61DEE373400B2EA89 /* SequenceEntity+CoreDataProperties.swift in Sources */ = {isa = PBXBuildFile; fileRef = 9A60F2C21DEE373400B2EA89 /* SequenceEntity+CoreDataProperties.swift */; };
		9A60F2C71DEE373400B2EA89 /* SequenceEntity.swift in Sources */ = {isa = PBXBuildFile; fileRef = 9A60F2C31DEE373400B2EA89 /* SequenceEntity.swift */; };
		9A60F2CB1DEE375700B2EA89 /* SequencePlayer.swift in Sources */ = {isa = PBXBuildFile; fileRef = 9A60F2C81DEE375700B2EA89 /* SequencePlayer.swift */; };
		9A60F2CC1DEE375700B2EA89 /* SPlayerDelegate.swift in Sources */ = {isa = PBXBuildFile; fileRef = 9A60F2C91DEE375700B2EA89 /* SPlayerDelegate.swift */; };
		9A60F2CD1DEE375700B2EA89 /* FMSynthesizer.swift in Sources */ = {isa = PBXBuildFile; fileRef = 9A60F2CA1DEE375700B2EA89 /* FMSynthesizer.swift */; };
		9A60F2CF1DEE376300B2EA89 /* UIColor+Ext.swift in Sources */ = {isa = PBXBuildFile; fileRef = 9A60F2CE1DEE376300B2EA89 /* UIColor+Ext.swift */; };
		9A60F2D11DEE38A400B2EA89 /* Colors.plist in Resources */ = {isa = PBXBuildFile; fileRef = 9A60F2D01DEE38A400B2EA89 /* Colors.plist */; };
		9A60F2D31DEE38AB00B2EA89 /* PresetsTableViewController.swift in Sources */ = {isa = PBXBuildFile; fileRef = 9A60F2D21DEE38AB00B2EA89 /* PresetsTableViewController.swift */; };
		9A60F2D91DEE38B600B2EA89 /* CustomTableViewController.swift in Sources */ = {isa = PBXBuildFile; fileRef = 9A60F2D41DEE38B600B2EA89 /* CustomTableViewController.swift */; };
		9A60F2DA1DEE38B600B2EA89 /* SelectTableViewController.swift in Sources */ = {isa = PBXBuildFile; fileRef = 9A60F2D51DEE38B600B2EA89 /* SelectTableViewController.swift */; };
		9A60F2DB1DEE38B600B2EA89 /* SequenceTableViewController.swift in Sources */ = {isa = PBXBuildFile; fileRef = 9A60F2D61DEE38B600B2EA89 /* SequenceTableViewController.swift */; };
		9A60F2DC1DEE38B600B2EA89 /* SelectDelegate.swift in Sources */ = {isa = PBXBuildFile; fileRef = 9A60F2D71DEE38B600B2EA89 /* SelectDelegate.swift */; };
		9A60F2DD1DEE38B600B2EA89 /* ColorViewController.swift in Sources */ = {isa = PBXBuildFile; fileRef = 9A60F2D81DEE38B600B2EA89 /* ColorViewController.swift */; };
		9A60F2DF1DEE38BD00B2EA89 /* ImportManager.swift in Sources */ = {isa = PBXBuildFile; fileRef = 9A60F2DE1DEE38BD00B2EA89 /* ImportManager.swift */; };
/* End PBXBuildFile section */

/* Begin PBXFileReference section */
		9A60F29E1DEE35AF00B2EA89 /* ToneGenerator.app */ = {isa = PBXFileReference; explicitFileType = wrapper.application; includeInIndex = 0; path = ToneGenerator.app; sourceTree = BUILT_PRODUCTS_DIR; };
		9A60F2A11DEE35AF00B2EA89 /* AppDelegate.swift */ = {isa = PBXFileReference; lastKnownFileType = sourcecode.swift; path = AppDelegate.swift; sourceTree = "<group>"; };
		9A60F2A31DEE35AF00B2EA89 /* ViewController.swift */ = {isa = PBXFileReference; lastKnownFileType = sourcecode.swift; path = ViewController.swift; sourceTree = "<group>"; };
		9A60F2A81DEE35AF00B2EA89 /* Assets.xcassets */ = {isa = PBXFileReference; lastKnownFileType = folder.assetcatalog; path = Assets.xcassets; sourceTree = "<group>"; };
		9A60F2AD1DEE35AF00B2EA89 /* Info.plist */ = {isa = PBXFileReference; lastKnownFileType = text.plist.xml; path = Info.plist; sourceTree = "<group>"; };
		9A60F2B81DEE366800B2EA89 /* LaunchScreen.storyboard */ = {isa = PBXFileReference; fileEncoding = 4; lastKnownFileType = file.storyboard; path = LaunchScreen.storyboard; sourceTree = "<group>"; };
		9A60F2BA1DEE368700B2EA89 /* Main.storyboard */ = {isa = PBXFileReference; fileEncoding = 4; lastKnownFileType = file.storyboard; path = Main.storyboard; sourceTree = "<group>"; };
		9A60F2BC1DEE371F00B2EA89 /* Service.swift */ = {isa = PBXFileReference; fileEncoding = 4; lastKnownFileType = sourcecode.swift; path = Service.swift; sourceTree = "<group>"; };
		9A60F2BE1DEE372900B2EA89 /* Sequences.xcdatamodel */ = {isa = PBXFileReference; lastKnownFileType = wrapper.xcdatamodel; path = Sequences.xcdatamodel; sourceTree = "<group>"; };
		9A60F2C01DEE373400B2EA89 /* ToneEntity+CoreDataProperties.swift */ = {isa = PBXFileReference; fileEncoding = 4; lastKnownFileType = sourcecode.swift; path = "ToneEntity+CoreDataProperties.swift"; sourceTree = "<group>"; };
		9A60F2C11DEE373400B2EA89 /* ToneEntity.swift */ = {isa = PBXFileReference; fileEncoding = 4; lastKnownFileType = sourcecode.swift; path = ToneEntity.swift; sourceTree = "<group>"; };
		9A60F2C21DEE373400B2EA89 /* SequenceEntity+CoreDataProperties.swift */ = {isa = PBXFileReference; fileEncoding = 4; lastKnownFileType = sourcecode.swift; path = "SequenceEntity+CoreDataProperties.swift"; sourceTree = "<group>"; };
		9A60F2C31DEE373400B2EA89 /* SequenceEntity.swift */ = {isa = PBXFileReference; fileEncoding = 4; lastKnownFileType = sourcecode.swift; path = SequenceEntity.swift; sourceTree = "<group>"; };
		9A60F2C81DEE375700B2EA89 /* SequencePlayer.swift */ = {isa = PBXFileReference; fileEncoding = 4; lastKnownFileType = sourcecode.swift; path = SequencePlayer.swift; sourceTree = "<group>"; };
		9A60F2C91DEE375700B2EA89 /* SPlayerDelegate.swift */ = {isa = PBXFileReference; fileEncoding = 4; lastKnownFileType = sourcecode.swift; path = SPlayerDelegate.swift; sourceTree = "<group>"; };
		9A60F2CA1DEE375700B2EA89 /* FMSynthesizer.swift */ = {isa = PBXFileReference; fileEncoding = 4; lastKnownFileType = sourcecode.swift; path = FMSynthesizer.swift; sourceTree = "<group>"; };
		9A60F2CE1DEE376300B2EA89 /* UIColor+Ext.swift */ = {isa = PBXFileReference; fileEncoding = 4; lastKnownFileType = sourcecode.swift; path = "UIColor+Ext.swift"; sourceTree = "<group>"; };
		9A60F2D01DEE38A400B2EA89 /* Colors.plist */ = {isa = PBXFileReference; fileEncoding = 4; lastKnownFileType = text.plist.xml; path = Colors.plist; sourceTree = "<group>"; };
		9A60F2D21DEE38AB00B2EA89 /* PresetsTableViewController.swift */ = {isa = PBXFileReference; fileEncoding = 4; lastKnownFileType = sourcecode.swift; path = PresetsTableViewController.swift; sourceTree = "<group>"; };
		9A60F2D41DEE38B600B2EA89 /* CustomTableViewController.swift */ = {isa = PBXFileReference; fileEncoding = 4; lastKnownFileType = sourcecode.swift; path = CustomTableViewController.swift; sourceTree = "<group>"; };
		9A60F2D51DEE38B600B2EA89 /* SelectTableViewController.swift */ = {isa = PBXFileReference; fileEncoding = 4; lastKnownFileType = sourcecode.swift; path = SelectTableViewController.swift; sourceTree = "<group>"; };
		9A60F2D61DEE38B600B2EA89 /* SequenceTableViewController.swift */ = {isa = PBXFileReference; fileEncoding = 4; lastKnownFileType = sourcecode.swift; path = SequenceTableViewController.swift; sourceTree = "<group>"; };
		9A60F2D71DEE38B600B2EA89 /* SelectDelegate.swift */ = {isa = PBXFileReference; fileEncoding = 4; lastKnownFileType = sourcecode.swift; path = SelectDelegate.swift; sourceTree = "<group>"; };
		9A60F2D81DEE38B600B2EA89 /* ColorViewController.swift */ = {isa = PBXFileReference; fileEncoding = 4; lastKnownFileType = sourcecode.swift; path = ColorViewController.swift; sourceTree = "<group>"; };
		9A60F2DE1DEE38BD00B2EA89 /* ImportManager.swift */ = {isa = PBXFileReference; fileEncoding = 4; lastKnownFileType = sourcecode.swift; path = ImportManager.swift; sourceTree = "<group>"; };
/* End PBXFileReference section */

/* Begin PBXFrameworksBuildPhase section */
		9A60F29B1DEE35AF00B2EA89 /* Frameworks */ = {
			isa = PBXFrameworksBuildPhase;
			buildActionMask = 2147483647;
			files = (
			);
			runOnlyForDeploymentPostprocessing = 0;
		};
/* End PBXFrameworksBuildPhase section */

/* Begin PBXGroup section */
		9A60F2951DEE35AF00B2EA89 = {
			isa = PBXGroup;
			children = (
				9A60F2A01DEE35AF00B2EA89 /* ToneGenerator */,
				9A60F29F1DEE35AF00B2EA89 /* Products */,
			);
			sourceTree = "<group>";
		};
		9A60F29F1DEE35AF00B2EA89 /* Products */ = {
			isa = PBXGroup;
			children = (
				9A60F29E1DEE35AF00B2EA89 /* ToneGenerator.app */,
			);
			name = Products;
			sourceTree = "<group>";
		};
		9A60F2A01DEE35AF00B2EA89 /* ToneGenerator */ = {
			isa = PBXGroup;
			children = (
				9A60F2B41DEE35FE00B2EA89 /* Player */,
				9A60F2B31DEE35F000B2EA89 /* CoreData */,
				9A60F2B61DEE361F00B2EA89 /* ColorPicker */,
				9A60F2B51DEE360F00B2EA89 /* Tools */,
				9A60F2A11DEE35AF00B2EA89 /* AppDelegate.swift */,
				9A60F2A31DEE35AF00B2EA89 /* ViewController.swift */,
				9A60F2BA1DEE368700B2EA89 /* Main.storyboard */,
				9A60F2A81DEE35AF00B2EA89 /* Assets.xcassets */,
				9A60F2B81DEE366800B2EA89 /* LaunchScreen.storyboard */,
				9A60F2AD1DEE35AF00B2EA89 /* Info.plist */,
				9A60F2D01DEE38A400B2EA89 /* Colors.plist */,
				9A60F2D21DEE38AB00B2EA89 /* PresetsTableViewController.swift */,
				9A60F2D41DEE38B600B2EA89 /* CustomTableViewController.swift */,
				9A60F2D51DEE38B600B2EA89 /* SelectTableViewController.swift */,
				9A60F2D61DEE38B600B2EA89 /* SequenceTableViewController.swift */,
				9A60F2D71DEE38B600B2EA89 /* SelectDelegate.swift */,
				9A60F2D81DEE38B600B2EA89 /* ColorViewController.swift */,
				9A60F2DE1DEE38BD00B2EA89 /* ImportManager.swift */,
			);
			path = ToneGenerator;
			sourceTree = "<group>";
		};
		9A60F2B31DEE35F000B2EA89 /* CoreData */ = {
			isa = PBXGroup;
			children = (
				9A60F2BC1DEE371F00B2EA89 /* Service.swift */,
				9A60F2BE1DEE372900B2EA89 /* Sequences.xcdatamodel */,
				9A60F2C01DEE373400B2EA89 /* ToneEntity+CoreDataProperties.swift */,
				9A60F2C11DEE373400B2EA89 /* ToneEntity.swift */,
				9A60F2C21DEE373400B2EA89 /* SequenceEntity+CoreDataProperties.swift */,
				9A60F2C31DEE373400B2EA89 /* SequenceEntity.swift */,
			);
			name = CoreData;
			sourceTree = "<group>";
		};
		9A60F2B41DEE35FE00B2EA89 /* Player */ = {
			isa = PBXGroup;
			children = (
				9A60F2C81DEE375700B2EA89 /* SequencePlayer.swift */,
				9A60F2C91DEE375700B2EA89 /* SPlayerDelegate.swift */,
				9A60F2CA1DEE375700B2EA89 /* FMSynthesizer.swift */,
			);
			name = Player;
			sourceTree = "<group>";
		};
		9A60F2B51DEE360F00B2EA89 /* Tools */ = {
			isa = PBXGroup;
			children = (
				9A60F2CE1DEE376300B2EA89 /* UIColor+Ext.swift */,
			);
			name = Tools;
			sourceTree = "<group>";
		};
		9A60F2B61DEE361F00B2EA89 /* ColorPicker */ = {
			isa = PBXGroup;
			children = (
			);
			name = ColorPicker;
			sourceTree = "<group>";
		};
/* End PBXGroup section */

/* Begin PBXNativeTarget section */
		9A60F29D1DEE35AF00B2EA89 /* ToneGenerator */ = {
			isa = PBXNativeTarget;
			buildConfigurationList = 9A60F2B01DEE35AF00B2EA89 /* Build configuration list for PBXNativeTarget "ToneGenerator" */;
			buildPhases = (
				9A60F29A1DEE35AF00B2EA89 /* Sources */,
				9A60F29B1DEE35AF00B2EA89 /* Frameworks */,
				9A60F29C1DEE35AF00B2EA89 /* Resources */,
			);
			buildRules = (
			);
			dependencies = (
			);
			name = ToneGenerator;
			productName = ToneGenerator;
			productReference = 9A60F29E1DEE35AF00B2EA89 /* ToneGenerator.app */;
			productType = "com.apple.product-type.application";
		};
/* End PBXNativeTarget section */

/* Begin PBXProject section */
		9A60F2961DEE35AF00B2EA89 /* Project object */ = {
			isa = PBXProject;
			attributes = {
				LastSwiftUpdateCheck = 0800;
				LastUpgradeCheck = 0800;
				ORGANIZATIONNAME = Karina;
				TargetAttributes = {
					9A60F29D1DEE35AF00B2EA89 = {
						CreatedOnToolsVersion = 8.0;
						ProvisioningStyle = Automatic;
					};
				};
			};
			buildConfigurationList = 9A60F2991DEE35AF00B2EA89 /* Build configuration list for PBXProject "ToneGenerator" */;
			compatibilityVersion = "Xcode 3.2";
			developmentRegion = English;
			hasScannedForEncodings = 0;
			knownRegions = (
				en,
				Base,
			);
			mainGroup = 9A60F2951DEE35AF00B2EA89;
			productRefGroup = 9A60F29F1DEE35AF00B2EA89 /* Products */;
			projectDirPath = "";
			projectRoot = "";
			targets = (
				9A60F29D1DEE35AF00B2EA89 /* ToneGenerator */,
			);
		};
/* End PBXProject section */

/* Begin PBXResourcesBuildPhase section */
		9A60F29C1DEE35AF00B2EA89 /* Resources */ = {
			isa = PBXResourcesBuildPhase;
			buildActionMask = 2147483647;
			files = (
				9A60F2D11DEE38A400B2EA89 /* Colors.plist in Resources */,
				9A60F2B91DEE366800B2EA89 /* LaunchScreen.storyboard in Resources */,
				9A60F2A91DEE35AF00B2EA89 /* Assets.xcassets in Resources */,
				9A60F2BB1DEE368700B2EA89 /* Main.storyboard in Resources */,
			);
			runOnlyForDeploymentPostprocessing = 0;
		};
/* End PBXResourcesBuildPhase section */

/* Begin PBXSourcesBuildPhase section */
		9A60F29A1DEE35AF00B2EA89 /* Sources */ = {
			isa = PBXSourcesBuildPhase;
			buildActionMask = 2147483647;
			files = (
				9A60F2A41DEE35AF00B2EA89 /* ViewController.swift in Sources */,
				9A60F2C61DEE373400B2EA89 /* SequenceEntity+CoreDataProperties.swift in Sources */,
				9A60F2BF1DEE372900B2EA89 /* Sequences.xcdatamodel in Sources */,
				9A60F2C51DEE373400B2EA89 /* ToneEntity.swift in Sources */,
				9A60F2DB1DEE38B600B2EA89 /* SequenceTableViewController.swift in Sources */,
				9A60F2A21DEE35AF00B2EA89 /* AppDelegate.swift in Sources */,
				9A60F2CD1DEE375700B2EA89 /* FMSynthesizer.swift in Sources */,
				9A60F2C71DEE373400B2EA89 /* SequenceEntity.swift in Sources */,
				9A60F2BD1DEE371F00B2EA89 /* Service.swift in Sources */,
				9A60F2DA1DEE38B600B2EA89 /* SelectTableViewController.swift in Sources */,
				9A60F2DF1DEE38BD00B2EA89 /* ImportManager.swift in Sources */,
				9A60F2CC1DEE375700B2EA89 /* SPlayerDelegate.swift in Sources */,
				9A60F2CF1DEE376300B2EA89 /* UIColor+Ext.swift in Sources */,
				9A60F2C41DEE373400B2EA89 /* ToneEntity+CoreDataProperties.swift in Sources */,
				9A60F2DC1DEE38B600B2EA89 /* SelectDelegate.swift in Sources */,
				9A60F2CB1DEE375700B2EA89 /* SequencePlayer.swift in Sources */,
				9A60F2D91DEE38B600B2EA89 /* CustomTableViewController.swift in Sources */,
				9A60F2DD1DEE38B600B2EA89 /* ColorViewController.swift in Sources */,
				9A60F2D31DEE38AB00B2EA89 /* PresetsTableViewController.swift in Sources */,
			);
			runOnlyForDeploymentPostprocessing = 0;
		};
/* End PBXSourcesBuildPhase section */

/* Begin XCBuildConfiguration section */
		9A60F2AE1DEE35AF00B2EA89 /* Debug */ = {
			isa = XCBuildConfiguration;
			buildSettings = {
				ALWAYS_SEARCH_USER_PATHS = NO;
				CLANG_ANALYZER_NONNULL = YES;
				CLANG_CXX_LANGUAGE_STANDARD = "gnu++0x";
				CLANG_CXX_LIBRARY = "libc++";
				CLANG_ENABLE_MODULES = YES;
				CLANG_ENABLE_OBJC_ARC = YES;
				CLANG_WARN_BOOL_CONVERSION = YES;
				CLANG_WARN_CONSTANT_CONVERSION = YES;
				CLANG_WARN_DIRECT_OBJC_ISA_USAGE = YES_ERROR;
				CLANG_WARN_DOCUMENTATION_COMMENTS = YES;
				CLANG_WARN_EMPTY_BODY = YES;
				CLANG_WARN_ENUM_CONVERSION = YES;
				CLANG_WARN_INFINITE_RECURSION = YES;
				CLANG_WARN_INT_CONVERSION = YES;
				CLANG_WARN_OBJC_ROOT_CLASS = YES_ERROR;
				CLANG_WARN_SUSPICIOUS_MOVES = YES;
				CLANG_WARN_UNREACHABLE_CODE = YES;
				CLANG_WARN__DUPLICATE_METHOD_MATCH = YES;
				"CODE_SIGN_IDENTITY[sdk=iphoneos*]" = "iPhone Developer";
				COPY_PHASE_STRIP = NO;
				DEBUG_INFORMATION_FORMAT = dwarf;
				ENABLE_STRICT_OBJC_MSGSEND = YES;
				ENABLE_TESTABILITY = YES;
				GCC_C_LANGUAGE_STANDARD = gnu99;
				GCC_DYNAMIC_NO_PIC = NO;
				GCC_NO_COMMON_BLOCKS = YES;
				GCC_OPTIMIZATION_LEVEL = 0;
				GCC_PREPROCESSOR_DEFINITIONS = (
					"DEBUG=1",
					"$(inherited)",
				);
				GCC_WARN_64_TO_32_BIT_CONVERSION = YES;
				GCC_WARN_ABOUT_RETURN_TYPE = YES_ERROR;
				GCC_WARN_UNDECLARED_SELECTOR = YES;
				GCC_WARN_UNINITIALIZED_AUTOS = YES_AGGRESSIVE;
				GCC_WARN_UNUSED_FUNCTION = YES;
				GCC_WARN_UNUSED_VARIABLE = YES;
				IPHONEOS_DEPLOYMENT_TARGET = 10.0;
				MTL_ENABLE_DEBUG_INFO = YES;
				ONLY_ACTIVE_ARCH = YES;
				SDKROOT = iphoneos;
				SWIFT_ACTIVE_COMPILATION_CONDITIONS = DEBUG;
				SWIFT_OPTIMIZATION_LEVEL = "-Onone";
			};
			name = Debug;
		};
		9A60F2AF1DEE35AF00B2EA89 /* Release */ = {
			isa = XCBuildConfiguration;
			buildSettings = {
				ALWAYS_SEARCH_USER_PATHS = NO;
				CLANG_ANALYZER_NONNULL = YES;
				CLANG_CXX_LANGUAGE_STANDARD = "gnu++0x";
				CLANG_CXX_LIBRARY = "libc++";
				CLANG_ENABLE_MODULES = YES;
				CLANG_ENABLE_OBJC_ARC = YES;
				CLANG_WARN_BOOL_CONVERSION = YES;
				CLANG_WARN_CONSTANT_CONVERSION = YES;
				CLANG_WARN_DIRECT_OBJC_ISA_USAGE = YES_ERROR;
				CLANG_WARN_DOCUMENTATION_COMMENTS = YES;
				CLANG_WARN_EMPTY_BODY = YES;
				CLANG_WARN_ENUM_CONVERSION = YES;
				CLANG_WARN_INFINITE_RECURSION = YES;
				CLANG_WARN_INT_CONVERSION = YES;
				CLANG_WARN_OBJC_ROOT_CLASS = YES_ERROR;
				CLANG_WARN_SUSPICIOUS_MOVES = YES;
				CLANG_WARN_UNREACHABLE_CODE = YES;
				CLANG_WARN__DUPLICATE_METHOD_MATCH = YES;
				"CODE_SIGN_IDENTITY[sdk=iphoneos*]" = "iPhone Developer";
				COPY_PHASE_STRIP = NO;
				DEBUG_INFORMATION_FORMAT = "dwarf-with-dsym";
				ENABLE_NS_ASSERTIONS = NO;
				ENABLE_STRICT_OBJC_MSGSEND = YES;
				GCC_C_LANGUAGE_STANDARD = gnu99;
				GCC_NO_COMMON_BLOCKS = YES;
				GCC_WARN_64_TO_32_BIT_CONVERSION = YES;
				GCC_WARN_ABOUT_RETURN_TYPE = YES_ERROR;
				GCC_WARN_UNDECLARED_SELECTOR = YES;
				GCC_WARN_UNINITIALIZED_AUTOS = YES_AGGRESSIVE;
				GCC_WARN_UNUSED_FUNCTION = YES;
				GCC_WARN_UNUSED_VARIABLE = YES;
				IPHONEOS_DEPLOYMENT_TARGET = 10.0;
				MTL_ENABLE_DEBUG_INFO = NO;
				SDKROOT = iphoneos;
				SWIFT_OPTIMIZATION_LEVEL = "-Owholemodule";
				VALIDATE_PRODUCT = YES;
			};
			name = Release;
		};
		9A60F2B11DEE35AF00B2EA89 /* Debug */ = {
			isa = XCBuildConfiguration;
			buildSettings = {
				ASSETCATALOG_COMPILER_APPICON_NAME = AppIcon;
				INFOPLIST_FILE = ToneGenerator/Info.plist;
				LD_RUNPATH_SEARCH_PATHS = "$(inherited) @executable_path/Frameworks";
				PRODUCT_BUNDLE_IDENTIFIER = "-.ToneGenerator";
				PRODUCT_NAME = "$(TARGET_NAME)";
				SWIFT_VERSION = 3.0;
			};
			name = Debug;
		};
		9A60F2B21DEE35AF00B2EA89 /* Release */ = {
			isa = XCBuildConfiguration;
			buildSettings = {
				ASSETCATALOG_COMPILER_APPICON_NAME = AppIcon;
				INFOPLIST_FILE = ToneGenerator/Info.plist;
				LD_RUNPATH_SEARCH_PATHS = "$(inherited) @executable_path/Frameworks";
				PRODUCT_BUNDLE_IDENTIFIER = "-.ToneGenerator";
				PRODUCT_NAME = "$(TARGET_NAME)";
				SWIFT_VERSION = 3.0;
			};
			name = Release;
		};
/* End XCBuildConfiguration section */

/* Begin XCConfigurationList section */
		9A60F2991DEE35AF00B2EA89 /* Build configuration list for PBXProject "ToneGenerator" */ = {
			isa = XCConfigurationList;
			buildConfigurations = (
				9A60F2AE1DEE35AF00B2EA89 /* Debug */,
				9A60F2AF1DEE35AF00B2EA89 /* Release */,
			);
			defaultConfigurationIsVisible = 0;
			defaultConfigurationName = Release;
		};
		9A60F2B01DEE35AF00B2EA89 /* Build configuration list for PBXNativeTarget "ToneGenerator" */ = {
			isa = XCConfigurationList;
			buildConfigurations = (
				9A60F2B11DEE35AF00B2EA89 /* Debug */,
				9A60F2B21DEE35AF00B2EA89 /* Release */,
			);
			defaultConfigurationIsVisible = 0;
		};
/* End XCConfigurationList section */
	};
	rootObject = 9A60F2961DEE35AF00B2EA89 /* Project object */;
}
